
Microsoft Visual Studio Solution File, Format Version 12.00
# Visual Studio Version 16
VisualStudioVersion = 16.0.30413.136
MinimumVisualStudioVersion = 10.0.40219.1
Project("{FAE04EC0-301F-11D3-BF4B-00C04F79EFBC}") = "AguitaMilimetrica", "AguitaMilimetrica\AguitaMilimetrica.csproj", "{800BE844-1DFC-472C-8A95-615B9B753886}"
EndProject
Global
	GlobalSection(SolutionConfigurationPlatforms) = preSolution
		Debug|Any CPU = Debug|Any CPU
		Release|Any CPU = Release|Any CPU
	EndGlobalSection
	GlobalSection(ProjectConfigurationPlatforms) = postSolution
		{800BE844-1DFC-472C-8A95-615B9B753886}.Debug|Any CPU.ActiveCfg = Debug|Any CPU
		{800BE844-1DFC-472C-8A95-615B9B753886}.Debug|Any CPU.Build.0 = Debug|Any CPU
		{800BE844-1DFC-472C-8A95-615B9B753886}.Release|Any CPU.ActiveCfg = Release|Any CPU
		{800BE844-1DFC-472C-8A95-615B9B753886}.Release|Any CPU.Build.0 = Release|Any CPU
	EndGlobalSection
	GlobalSection(SolutionProperties) = preSolution
		HideSolutionNode = FALSE
	EndGlobalSection
	GlobalSection(ExtensibilityGlobals) = postSolution
		SolutionGuid = {EB67A089-6C1E-4A98-A16A-B770BF7F4246}
	EndGlobalSection
EndGlobal
